
Microsoft Visual Studio Solution File, Format Version 12.00
Project("{FAE04EC0-301F-11D3-BF4B-00C04F79EFBC}") = "Homework1", "Homework1\Homework1.csproj", "{CAAD8396-AD7F-4570-9E6B-3BC20779C68C}"
EndProject
Project("{FAE04EC0-301F-11D3-BF4B-00C04F79EFBC}") = "TestProject1", "TestProject1\TestProject1.csproj", "{50D05E82-FF91-4037-A814-40E1D7BB0AFD}"
EndProject
Global
	GlobalSection(SolutionConfigurationPlatforms) = preSolution
		Debug|Any CPU = Debug|Any CPU
		Release|Any CPU = Release|Any CPU
	EndGlobalSection
	GlobalSection(ProjectConfigurationPlatforms) = postSolution
		{CAAD8396-AD7F-4570-9E6B-3BC20779C68C}.Debug|Any CPU.ActiveCfg = Debug|Any CPU
		{CAAD8396-AD7F-4570-9E6B-3BC20779C68C}.Debug|Any CPU.Build.0 = Debug|Any CPU
		{CAAD8396-AD7F-4570-9E6B-3BC20779C68C}.Release|Any CPU.ActiveCfg = Release|Any CPU
		{CAAD8396-AD7F-4570-9E6B-3BC20779C68C}.Release|Any CPU.Build.0 = Release|Any CPU
		{50D05E82-FF91-4037-A814-40E1D7BB0AFD}.Debug|Any CPU.ActiveCfg = Debug|Any CPU
		{50D05E82-FF91-4037-A814-40E1D7BB0AFD}.Debug|Any CPU.Build.0 = Debug|Any CPU
		{50D05E82-FF91-4037-A814-40E1D7BB0AFD}.Release|Any CPU.ActiveCfg = Release|Any CPU
		{50D05E82-FF91-4037-A814-40E1D7BB0AFD}.Release|Any CPU.Build.0 = Release|Any CPU
	EndGlobalSection
EndGlobal
